
Microsoft Visual Studio Solution File, Format Version 12.00
# Visual Studio 14
VisualStudioVersion = 14.0.23107.0
MinimumVisualStudioVersion = 10.0.40219.1
Project("{FAE04EC0-301F-11D3-BF4B-00C04F79EFBC}") = "CRUDAlunos", "CRUDAlunos\CRUDAlunos.csproj", "{0F563AF9-D05F-4855-B2C3-66DD8AE132FF}"
EndProject
Project("{FAE04EC0-301F-11D3-BF4B-00C04F79EFBC}") = "CRUDAlunos.Domain", "CRUDAlunos.Domain\CRUDAlunos.Domain.csproj", "{68E099AC-4302-4BCB-B89E-0354882A493E}"
EndProject
Project("{FAE04EC0-301F-11D3-BF4B-00C04F79EFBC}") = "CRUDAlunos.Data", "CRUDAlunos.Data\CRUDAlunos.Data.csproj", "{68FB2F7F-CC96-4BD7-85D8-EDD59C7D9967}"
EndProject
Project("{FAE04EC0-301F-11D3-BF4B-00C04F79EFBC}") = "CRUDAlunos.Service", "CRUDAlunos.Service\CRUDAlunos.Service.csproj", "{FF2349F0-7612-466E-AF53-97D15482EEB0}"
EndProject
Project("{FAE04EC0-301F-11D3-BF4B-00C04F79EFBC}") = "CRUDAlunos.CrossCutting", "CRUDAlunos.CrossCutting\CRUDAlunos.CrossCutting.csproj", "{36655F7F-4CA8-45F2-B5DE-A8801A6E1A13}"
EndProject
Project("{FAE04EC0-301F-11D3-BF4B-00C04F79EFBC}") = "CRUDAlunos.App", "CRUDAlunos.App\CRUDAlunos.App.csproj", "{96CE44E9-8536-4FC6-B892-4CF7B4D4D728}"
EndProject
Global
	GlobalSection(SolutionConfigurationPlatforms) = preSolution
		Debug|Any CPU = Debug|Any CPU
		Debug|ARM = Debug|ARM
		Debug|x86 = Debug|x86
		Release|Any CPU = Release|Any CPU
		Release|ARM = Release|ARM
		Release|x86 = Release|x86
	EndGlobalSection
	GlobalSection(ProjectConfigurationPlatforms) = postSolution
		{0F563AF9-D05F-4855-B2C3-66DD8AE132FF}.Debug|Any CPU.ActiveCfg = Debug|Any CPU
		{0F563AF9-D05F-4855-B2C3-66DD8AE132FF}.Debug|Any CPU.Build.0 = Debug|Any CPU
		{0F563AF9-D05F-4855-B2C3-66DD8AE132FF}.Debug|Any CPU.Deploy.0 = Debug|Any CPU
		{0F563AF9-D05F-4855-B2C3-66DD8AE132FF}.Debug|ARM.ActiveCfg = Debug|ARM
		{0F563AF9-D05F-4855-B2C3-66DD8AE132FF}.Debug|ARM.Build.0 = Debug|ARM
		{0F563AF9-D05F-4855-B2C3-66DD8AE132FF}.Debug|ARM.Deploy.0 = Debug|ARM
		{0F563AF9-D05F-4855-B2C3-66DD8AE132FF}.Debug|x86.ActiveCfg = Debug|x86
		{0F563AF9-D05F-4855-B2C3-66DD8AE132FF}.Debug|x86.Build.0 = Debug|x86
		{0F563AF9-D05F-4855-B2C3-66DD8AE132FF}.Debug|x86.Deploy.0 = Debug|x86
		{0F563AF9-D05F-4855-B2C3-66DD8AE132FF}.Release|Any CPU.ActiveCfg = Release|Any CPU
		{0F563AF9-D05F-4855-B2C3-66DD8AE132FF}.Release|Any CPU.Build.0 = Release|Any CPU
		{0F563AF9-D05F-4855-B2C3-66DD8AE132FF}.Release|Any CPU.Deploy.0 = Release|Any CPU
		{0F563AF9-D05F-4855-B2C3-66DD8AE132FF}.Release|ARM.ActiveCfg = Release|ARM
		{0F563AF9-D05F-4855-B2C3-66DD8AE132FF}.Release|ARM.Build.0 = Release|ARM
		{0F563AF9-D05F-4855-B2C3-66DD8AE132FF}.Release|ARM.Deploy.0 = Release|ARM
		{0F563AF9-D05F-4855-B2C3-66DD8AE132FF}.Release|x86.ActiveCfg = Release|x86
		{0F563AF9-D05F-4855-B2C3-66DD8AE132FF}.Release|x86.Build.0 = Release|x86
		{0F563AF9-D05F-4855-B2C3-66DD8AE132FF}.Release|x86.Deploy.0 = Release|x86
		{68E099AC-4302-4BCB-B89E-0354882A493E}.Debug|Any CPU.ActiveCfg = Debug|Any CPU
		{68E099AC-4302-4BCB-B89E-0354882A493E}.Debug|Any CPU.Build.0 = Debug|Any CPU
		{68E099AC-4302-4BCB-B89E-0354882A493E}.Debug|ARM.ActiveCfg = Debug|Any CPU
		{68E099AC-4302-4BCB-B89E-0354882A493E}.Debug|ARM.Build.0 = Debug|Any CPU
		{68E099AC-4302-4BCB-B89E-0354882A493E}.Debug|x86.ActiveCfg = Debug|Any CPU
		{68E099AC-4302-4BCB-B89E-0354882A493E}.Debug|x86.Build.0 = Debug|Any CPU
		{68E099AC-4302-4BCB-B89E-0354882A493E}.Release|Any CPU.ActiveCfg = Release|Any CPU
		{68E099AC-4302-4BCB-B89E-0354882A493E}.Release|Any CPU.Build.0 = Release|Any CPU
		{68E099AC-4302-4BCB-B89E-0354882A493E}.Release|ARM.ActiveCfg = Release|Any CPU
		{68E099AC-4302-4BCB-B89E-0354882A493E}.Release|ARM.Build.0 = Release|Any CPU
		{68E099AC-4302-4BCB-B89E-0354882A493E}.Release|x86.ActiveCfg = Release|Any CPU
		{68E099AC-4302-4BCB-B89E-0354882A493E}.Release|x86.Build.0 = Release|Any CPU
		{68FB2F7F-CC96-4BD7-85D8-EDD59C7D9967}.Debug|Any CPU.ActiveCfg = Debug|Any CPU
		{68FB2F7F-CC96-4BD7-85D8-EDD59C7D9967}.Debug|Any CPU.Build.0 = Debug|Any CPU
		{68FB2F7F-CC96-4BD7-85D8-EDD59C7D9967}.Debug|ARM.ActiveCfg = Debug|Any CPU
		{68FB2F7F-CC96-4BD7-85D8-EDD59C7D9967}.Debug|ARM.Build.0 = Debug|Any CPU
		{68FB2F7F-CC96-4BD7-85D8-EDD59C7D9967}.Debug|x86.ActiveCfg = Debug|Any CPU
		{68FB2F7F-CC96-4BD7-85D8-EDD59C7D9967}.Debug|x86.Build.0 = Debug|Any CPU
		{68FB2F7F-CC96-4BD7-85D8-EDD59C7D9967}.Release|Any CPU.ActiveCfg = Release|Any CPU
		{68FB2F7F-CC96-4BD7-85D8-EDD59C7D9967}.Release|Any CPU.Build.0 = Release|Any CPU
		{68FB2F7F-CC96-4BD7-85D8-EDD59C7D9967}.Release|ARM.ActiveCfg = Release|Any CPU
		{68FB2F7F-CC96-4BD7-85D8-EDD59C7D9967}.Release|ARM.Build.0 = Release|Any CPU
		{68FB2F7F-CC96-4BD7-85D8-EDD59C7D9967}.Release|x86.ActiveCfg = Release|Any CPU
		{68FB2F7F-CC96-4BD7-85D8-EDD59C7D9967}.Release|x86.Build.0 = Release|Any CPU
		{FF2349F0-7612-466E-AF53-97D15482EEB0}.Debug|Any CPU.ActiveCfg = Debug|Any CPU
		{FF2349F0-7612-466E-AF53-97D15482EEB0}.Debug|Any CPU.Build.0 = Debug|Any CPU
		{FF2349F0-7612-466E-AF53-97D15482EEB0}.Debug|ARM.ActiveCfg = Debug|Any CPU
		{FF2349F0-7612-466E-AF53-97D15482EEB0}.Debug|ARM.Build.0 = Debug|Any CPU
		{FF2349F0-7612-466E-AF53-97D15482EEB0}.Debug|x86.ActiveCfg = Debug|Any CPU
		{FF2349F0-7612-466E-AF53-97D15482EEB0}.Debug|x86.Build.0 = Debug|Any CPU
		{FF2349F0-7612-466E-AF53-97D15482EEB0}.Release|Any CPU.ActiveCfg = Release|Any CPU
		{FF2349F0-7612-466E-AF53-97D15482EEB0}.Release|Any CPU.Build.0 = Release|Any CPU
		{FF2349F0-7612-466E-AF53-97D15482EEB0}.Release|ARM.ActiveCfg = Release|Any CPU
		{FF2349F0-7612-466E-AF53-97D15482EEB0}.Release|ARM.Build.0 = Release|Any CPU
		{FF2349F0-7612-466E-AF53-97D15482EEB0}.Release|x86.ActiveCfg = Release|Any CPU
		{FF2349F0-7612-466E-AF53-97D15482EEB0}.Release|x86.Build.0 = Release|Any CPU
		{36655F7F-4CA8-45F2-B5DE-A8801A6E1A13}.Debug|Any CPU.ActiveCfg = Debug|Any CPU
		{36655F7F-4CA8-45F2-B5DE-A8801A6E1A13}.Debug|Any CPU.Build.0 = Debug|Any CPU
		{36655F7F-4CA8-45F2-B5DE-A8801A6E1A13}.Debug|ARM.ActiveCfg = Debug|Any CPU
		{36655F7F-4CA8-45F2-B5DE-A8801A6E1A13}.Debug|ARM.Build.0 = Debug|Any CPU
		{36655F7F-4CA8-45F2-B5DE-A8801A6E1A13}.Debug|x86.ActiveCfg = Debug|Any CPU
		{36655F7F-4CA8-45F2-B5DE-A8801A6E1A13}.Debug|x86.Build.0 = Debug|Any CPU
		{36655F7F-4CA8-45F2-B5DE-A8801A6E1A13}.Release|Any CPU.ActiveCfg = Release|Any CPU
		{36655F7F-4CA8-45F2-B5DE-A8801A6E1A13}.Release|Any CPU.Build.0 = Release|Any CPU
		{36655F7F-4CA8-45F2-B5DE-A8801A6E1A13}.Release|ARM.ActiveCfg = Release|Any CPU
		{36655F7F-4CA8-45F2-B5DE-A8801A6E1A13}.Release|ARM.Build.0 = Release|Any CPU
		{36655F7F-4CA8-45F2-B5DE-A8801A6E1A13}.Release|x86.ActiveCfg = Release|Any CPU
		{36655F7F-4CA8-45F2-B5DE-A8801A6E1A13}.Release|x86.Build.0 = Release|Any CPU
		{96CE44E9-8536-4FC6-B892-4CF7B4D4D728}.Debug|Any CPU.ActiveCfg = Debug|Any CPU
		{96CE44E9-8536-4FC6-B892-4CF7B4D4D728}.Debug|Any CPU.Build.0 = Debug|Any CPU
		{96CE44E9-8536-4FC6-B892-4CF7B4D4D728}.Debug|ARM.ActiveCfg = Debug|Any CPU
		{96CE44E9-8536-4FC6-B892-4CF7B4D4D728}.Debug|ARM.Build.0 = Debug|Any CPU
		{96CE44E9-8536-4FC6-B892-4CF7B4D4D728}.Debug|x86.ActiveCfg = Debug|Any CPU
		{96CE44E9-8536-4FC6-B892-4CF7B4D4D728}.Debug|x86.Build.0 = Debug|Any CPU
		{96CE44E9-8536-4FC6-B892-4CF7B4D4D728}.Release|Any CPU.ActiveCfg = Release|Any CPU
		{96CE44E9-8536-4FC6-B892-4CF7B4D4D728}.Release|Any CPU.Build.0 = Release|Any CPU
		{96CE44E9-8536-4FC6-B892-4CF7B4D4D728}.Release|ARM.ActiveCfg = Release|Any CPU
		{96CE44E9-8536-4FC6-B892-4CF7B4D4D728}.Release|ARM.Build.0 = Release|Any CPU
		{96CE44E9-8536-4FC6-B892-4CF7B4D4D728}.Release|x86.ActiveCfg = Release|Any CPU
		{96CE44E9-8536-4FC6-B892-4CF7B4D4D728}.Release|x86.Build.0 = Release|Any CPU
	EndGlobalSection
	GlobalSection(SolutionProperties) = preSolution
		HideSolutionNode = FALSE
	EndGlobalSection
EndGlobal
